{
    "_meta": {
        "hash": {
            "sha256": "b3aa7043719381340908d1dd3c65df93c2ceae62f2cdc78ec2b5736067d3ce13"
        },
        "pipfile-spec": 6,
        "requires": {
            "python_full_version": "3.9.13",
            "python_version": "3.9"
        },
        "sources": [
            {
                "name": "pypi",
                "url": "https://pypi.org/simple",
                "verify_ssl": true
            }
        ]
    },
    "default": {},
    "develop": {}
}
